
Microsoft Visual Studio Solution File, Format Version 12.00
# Visual Studio 2012
Project("{FAE04EC0-301F-11D3-BF4B-00C04F79EFBC}") = "pe_Khoksung", "pe_Khoksung\pe_Khoksung.csproj", "{BB84DE60-1E7C-4C75-93C1-08736A847D20}"
EndProject
Global
	GlobalSection(SolutionConfigurationPlatforms) = preSolution
		Debug|Any CPU = Debug|Any CPU
		Release|Any CPU = Release|Any CPU
	EndGlobalSection
	GlobalSection(ProjectConfigurationPlatforms) = postSolution
		{BB84DE60-1E7C-4C75-93C1-08736A847D20}.Debug|Any CPU.ActiveCfg = Debug|Any CPU
		{BB84DE60-1E7C-4C75-93C1-08736A847D20}.Debug|Any CPU.Build.0 = Debug|Any CPU
		{BB84DE60-1E7C-4C75-93C1-08736A847D20}.Release|Any CPU.ActiveCfg = Release|Any CPU
		{BB84DE60-1E7C-4C75-93C1-08736A847D20}.Release|Any CPU.Build.0 = Release|Any CPU
	EndGlobalSection
	GlobalSection(SolutionProperties) = preSolution
		HideSolutionNode = FALSE
	EndGlobalSection
EndGlobal
